{
  "name": "opentalk_playground",
  "version": "1.0.0",
  "lockfileVersion": 1,
  "requires": true,
  "dependencies": {
    "@opentok/client": {
      "version": "2.17.5",
      "resolved": "https://registry.npmjs.org/@opentok/client/-/client-2.17.5.tgz",
      "integrity": "sha512-xpbwekUqnEmqs+aQ3yxeEI1h3UnpdDqt1gNcq+NzPdGwcC6yusVWkrgU3BMUgcyW3IxrDZRR3uD8d+YIkQ8zWQ=="
    },
    "@types/node": {
      "version": "14.6.1",
      "resolved": "https://registry.npmjs.org/@types/node/-/node-14.6.1.tgz",
      "integrity": "sha512-HnYlg/BRF8uC1FyKRFZwRaCPTPYKa+6I8QiUZFLredaGOou481cgFS4wKRFyKvQtX8xudqkSdBczJHIYSQYKrQ=="
    },
    "rxjs": {
      "version": "6.5.5",
      "resolved": "https://registry.npmjs.org/rxjs/-/rxjs-6.5.5.tgz",
      "integrity": "sha512-WfQI+1gohdf0Dai/Bbmk5L5ItH5tYqm3ki2c5GdWhKjalzjg93N3avFjVStyZZz+A2Em+ZxKH5bNghw9UeylGQ==",
      "requires": {
        "tslib": "^1.9.0"
      }
    },
    "tslib": {
      "version": "1.10.0",
      "resolved": "https://registry.npmjs.org/tslib/-/tslib-1.10.0.tgz",
      "integrity": "sha512-qOebF53frne81cf0S9B41ByenJ3/IuH8yJKngAX35CmiZySA0khhkovshKK+jGCaMnVomla7gVlIcc3EvKPbTQ=="
    },
    "typescript": {
      "version": "3.8.3",
      "resolved": "https://registry.npmjs.org/typescript/-/typescript-3.8.3.tgz",
      "integrity": "sha512-MYlEfn5VrLNsgudQTVJeNaQFUAI7DkhnOjdpAp4T+ku1TfQClewlbSuTVHiA+8skNBgaf02TL/kLOvig4y3G8w==",
      "dev": true
    }
  }
}
